// !$*UTF8*$!
{
	archiveVersion = 1;
	classes = {
	};
	objectVersion = 48;
	objects = {

/* Begin PBXBuildFile section */
		BBBBFAD71F73132000446205 /* AppDelegate.swift in Sources */ = {isa = PBXBuildFile; fileRef = BBBBFAD61F73132000446205 /* AppDelegate.swift */; };
		BBBBFAD91F73132000446205 /* ViewController.swift in Sources */ = {isa = PBXBuildFile; fileRef = BBBBFAD81F73132000446205 /* ViewController.swift */; };
		BBBBFADC1F73132000446205 /* Main.storyboard in Resources */ = {isa = PBXBuildFile; fileRef = BBBBFADA1F73132000446205 /* Main.storyboard */; };
		BBBBFADE1F73132000446205 /* Assets.xcassets in Resources */ = {isa = PBXBuildFile; fileRef = BBBBFADD1F73132000446205 /* Assets.xcassets */; };
		BBBBFAE11F73132000446205 /* LaunchScreen.storyboard in Resources */ = {isa = PBXBuildFile; fileRef = BBBBFADF1F73132000446205 /* LaunchScreen.storyboard */; };
		BBBBFAEC1F73132000446205 /* tableviewTests.swift in Sources */ = {isa = PBXBuildFile; fileRef = BBBBFAEB1F73132000446205 /* tableviewTests.swift */; };
		BBBBFAF71F731B8E00446205 /* GenericSectionHeader.xib in Resources */ = {isa = PBXBuildFile; fileRef = BBBBFAF61F731B8E00446205 /* GenericSectionHeader.xib */; };
		BBBBFAF91F731C1500446205 /* GenericSectionHeader.swift in Sources */ = {isa = PBXBuildFile; fileRef = BBBBFAF81F731C1500446205 /* GenericSectionHeader.swift */; };
/* End PBXBuildFile section */

/* Begin PBXContainerItemProxy section */
		BBBBFAE81F73132000446205 /* PBXContainerItemProxy */ = {
			isa = PBXContainerItemProxy;
			containerPortal = BBBBFACB1F73131F00446205 /* Project object */;
			proxyType = 1;
			remoteGlobalIDString = BBBBFAD21F73131F00446205;
			remoteInfo = tableview;
		};
/* End PBXContainerItemProxy section */

/* Begin PBXFileReference section */
		BBBBFAD31F73131F00446205 /* tableview.app */ = {isa = PBXFileReference; explicitFileType = wrapper.application; includeInIndex = 0; path = tableview.app; sourceTree = BUILT_PRODUCTS_DIR; };
		BBBBFAD61F73132000446205 /* AppDelegate.swift */ = {isa = PBXFileReference; lastKnownFileType = sourcecode.swift; path = AppDelegate.swift; sourceTree = "<group>"; };
		BBBBFAD81F73132000446205 /* ViewController.swift */ = {isa = PBXFileReference; lastKnownFileType = sourcecode.swift; path = ViewController.swift; sourceTree = "<group>"; };
		BBBBFADB1F73132000446205 /* Base */ = {isa = PBXFileReference; lastKnownFileType = file.storyboard; name = Base; path = Base.lproj/Main.storyboard; sourceTree = "<group>"; };
		BBBBFADD1F73132000446205 /* Assets.xcassets */ = {isa = PBXFileReference; lastKnownFileType = folder.assetcatalog; path = Assets.xcassets; sourceTree = "<group>"; };
		BBBBFAE01F73132000446205 /* Base */ = {isa = PBXFileReference; lastKnownFileType = file.storyboard; name = Base; path = Base.lproj/LaunchScreen.storyboard; sourceTree = "<group>"; };
		BBBBFAE21F73132000446205 /* Info.plist */ = {isa = PBXFileReference; lastKnownFileType = text.plist.xml; path = Info.plist; sourceTree = "<group>"; };
		BBBBFAE71F73132000446205 /* tableviewTests.xctest */ = {isa = PBXFileReference; explicitFileType = wrapper.cfbundle; includeInIndex = 0; path = tableviewTests.xctest; sourceTree = BUILT_PRODUCTS_DIR; };
		BBBBFAEB1F73132000446205 /* tableviewTests.swift */ = {isa = PBXFileReference; lastKnownFileType = sourcecode.swift; path = tableviewTests.swift; sourceTree = "<group>"; };
		BBBBFAED1F73132000446205 /* Info.plist */ = {isa = PBXFileReference; lastKnownFileType = text.plist.xml; path = Info.plist; sourceTree = "<group>"; };
		BBBBFAF61F731B8E00446205 /* GenericSectionHeader.xib */ = {isa = PBXFileReference; lastKnownFileType = file.xib; path = GenericSectionHeader.xib; sourceTree = "<group>"; };
		BBBBFAF81F731C1500446205 /* GenericSectionHeader.swift */ = {isa = PBXFileReference; lastKnownFileType = sourcecode.swift; path = GenericSectionHeader.swift; sourceTree = "<group>"; };
/* End PBXFileReference section */

/* Begin PBXFrameworksBuildPhase section */
		BBBBFAD01F73131F00446205 /* Frameworks */ = {
			isa = PBXFrameworksBuildPhase;
			buildActionMask = 2147483647;
			files = (
			);
			runOnlyForDeploymentPostprocessing = 0;
		};
		BBBBFAE41F73132000446205 /* Frameworks */ = {
			isa = PBXFrameworksBuildPhase;
			buildActionMask = 2147483647;
			files = (
			);
			runOnlyForDeploymentPostprocessing = 0;
		};
/* End PBXFrameworksBuildPhase section */

/* Begin PBXGroup section */
		BBBBFACA1F73131F00446205 = {
			isa = PBXGroup;
			children = (
				BBBBFAD51F73131F00446205 /* tableview */,
				BBBBFAEA1F73132000446205 /* tableviewTests */,
				BBBBFAD41F73131F00446205 /* Products */,
			);
			sourceTree = "<group>";
		};
		BBBBFAD41F73131F00446205 /* Products */ = {
			isa = PBXGroup;
			children = (
				BBBBFAD31F73131F00446205 /* tableview.app */,
				BBBBFAE71F73132000446205 /* tableviewTests.xctest */,
			);
			name = Products;
			sourceTree = "<group>";
		};
		BBBBFAD51F73131F00446205 /* tableview */ = {
			isa = PBXGroup;
			children = (
				BBBBFAD61F73132000446205 /* AppDelegate.swift */,
				BBBBFAD81F73132000446205 /* ViewController.swift */,
				BBBBFADA1F73132000446205 /* Main.storyboard */,
				BBBBFADD1F73132000446205 /* Assets.xcassets */,
				BBBBFADF1F73132000446205 /* LaunchScreen.storyboard */,
				BBBBFAE21F73132000446205 /* Info.plist */,
				BBBBFAF61F731B8E00446205 /* GenericSectionHeader.xib */,
				BBBBFAF81F731C1500446205 /* GenericSectionHeader.swift */,
			);
			path = tableview;
			sourceTree = "<group>";
		};
		BBBBFAEA1F73132000446205 /* tableviewTests */ = {
			isa = PBXGroup;
			children = (
				BBBBFAEB1F73132000446205 /* tableviewTests.swift */,
				BBBBFAED1F73132000446205 /* Info.plist */,
			);
			path = tableviewTests;
			sourceTree = "<group>";
		};
/* End PBXGroup section */

/* Begin PBXNativeTarget section */
		BBBBFAD21F73131F00446205 /* tableview */ = {
			isa = PBXNativeTarget;
			buildConfigurationList = BBBBFAF01F73132000446205 /* Build configuration list for PBXNativeTarget "tableview" */;
			buildPhases = (
				BBBBFACF1F73131F00446205 /* Sources */,
				BBBBFAD01F73131F00446205 /* Frameworks */,
				BBBBFAD11F73131F00446205 /* Resources */,
			);
			buildRules = (
			);
			dependencies = (
			);
			name = tableview;
			productName = tableview;
			productReference = BBBBFAD31F73131F00446205 /* tableview.app */;
			productType = "com.apple.product-type.application";
		};
		BBBBFAE61F73132000446205 /* tableviewTests */ = {
			isa = PBXNativeTarget;
			buildConfigurationList = BBBBFAF31F73132000446205 /* Build configuration list for PBXNativeTarget "tableviewTests" */;
			buildPhases = (
				BBBBFAE31F73132000446205 /* Sources */,
				BBBBFAE41F73132000446205 /* Frameworks */,
				BBBBFAE51F73132000446205 /* Resources */,
			);
			buildRules = (
			);
			dependencies = (
				BBBBFAE91F73132000446205 /* PBXTargetDependency */,
			);
			name = tableviewTests;
			productName = tableviewTests;
			productReference = BBBBFAE71F73132000446205 /* tableviewTests.xctest */;
			productType = "com.apple.product-type.bundle.unit-test";
		};
/* End PBXNativeTarget section */

/* Begin PBXProject section */
		BBBBFACB1F73131F00446205 /* Project object */ = {
			isa = PBXProject;
			attributes = {
				LastSwiftUpdateCheck = 0900;
				LastUpgradeCheck = 0900;
				ORGANIZATIONNAME = "David Wagner";
				TargetAttributes = {
					BBBBFAD21F73131F00446205 = {
						CreatedOnToolsVersion = 9.0;
						ProvisioningStyle = Automatic;
					};
					BBBBFAE61F73132000446205 = {
						CreatedOnToolsVersion = 9.0;
						ProvisioningStyle = Automatic;
						TestTargetID = BBBBFAD21F73131F00446205;
					};
				};
			};
			buildConfigurationList = BBBBFACE1F73131F00446205 /* Build configuration list for PBXProject "tableview" */;
			compatibilityVersion = "Xcode 8.0";
			developmentRegion = en;
			hasScannedForEncodings = 0;
			knownRegions = (
				en,
				Base,
			);
			mainGroup = BBBBFACA1F73131F00446205;
			productRefGroup = BBBBFAD41F73131F00446205 /* Products */;
			projectDirPath = "";
			projectRoot = "";
			targets = (
				BBBBFAD21F73131F00446205 /* tableview */,
				BBBBFAE61F73132000446205 /* tableviewTests */,
			);
		};
/* End PBXProject section */

/* Begin PBXResourcesBuildPhase section */
		BBBBFAD11F73131F00446205 /* Resources */ = {
			isa = PBXResourcesBuildPhase;
			buildActionMask = 2147483647;
			files = (
				BBBBFAF71F731B8E00446205 /* GenericSectionHeader.xib in Resources */,
				BBBBFAE11F73132000446205 /* LaunchScreen.storyboard in Resources */,
				BBBBFADE1F73132000446205 /* Assets.xcassets in Resources */,
				BBBBFADC1F73132000446205 /* Main.storyboard in Resources */,
			);
			runOnlyForDeploymentPostprocessing = 0;
		};
		BBBBFAE51F73132000446205 /* Resources */ = {
			isa = PBXResourcesBuildPhase;
			buildActionMask = 2147483647;
			files = (
			);
			runOnlyForDeploymentPostprocessing = 0;
		};
/* End PBXResourcesBuildPhase section */

/* Begin PBXSourcesBuildPhase section */
		BBBBFACF1F73131F00446205 /* Sources */ = {
			isa = PBXSourcesBuildPhase;
			buildActionMask = 2147483647;
			files = (
				BBBBFAD91F73132000446205 /* ViewController.swift in Sources */,
				BBBBFAD71F73132000446205 /* AppDelegate.swift in Sources */,
				BBBBFAF91F731C1500446205 /* GenericSectionHeader.swift in Sources */,
			);
			runOnlyForDeploymentPostprocessing = 0;
		};
		BBBBFAE31F73132000446205 /* Sources */ = {
			isa = PBXSourcesBuildPhase;
			buildActionMask = 2147483647;
			files = (
				BBBBFAEC1F73132000446205 /* tableviewTests.swift in Sources */,
			);
			runOnlyForDeploymentPostprocessing = 0;
		};
/* End PBXSourcesBuildPhase section */

/* Begin PBXTargetDependency section */
		BBBBFAE91F73132000446205 /* PBXTargetDependency */ = {
			isa = PBXTargetDependency;
			target = BBBBFAD21F73131F00446205 /* tableview */;
			targetProxy = BBBBFAE81F73132000446205 /* PBXContainerItemProxy */;
		};
/* End PBXTargetDependency section */

/* Begin PBXVariantGroup section */
		BBBBFADA1F73132000446205 /* Main.storyboard */ = {
			isa = PBXVariantGroup;
			children = (
				BBBBFADB1F73132000446205 /* Base */,
			);
			name = Main.storyboard;
			sourceTree = "<group>";
		};
		BBBBFADF1F73132000446205 /* LaunchScreen.storyboard */ = {
			isa = PBXVariantGroup;
			children = (
				BBBBFAE01F73132000446205 /* Base */,
			);
			name = LaunchScreen.storyboard;
			sourceTree = "<group>";
		};
/* End PBXVariantGroup section */

/* Begin XCBuildConfiguration section */
		BBBBFAEE1F73132000446205 /* Debug */ = {
			isa = XCBuildConfiguration;
			buildSettings = {
				ALWAYS_SEARCH_USER_PATHS = NO;
				CLANG_ANALYZER_NONNULL = YES;
				CLANG_ANALYZER_NUMBER_OBJECT_CONVERSION = YES_AGGRESSIVE;
				CLANG_CXX_LANGUAGE_STANDARD = "gnu++14";
				CLANG_CXX_LIBRARY = "libc++";
				CLANG_ENABLE_MODULES = YES;
				CLANG_ENABLE_OBJC_ARC = YES;
				CLANG_WARN_BLOCK_CAPTURE_AUTORELEASING = YES;
				CLANG_WARN_BOOL_CONVERSION = YES;
				CLANG_WARN_COMMA = YES;
				CLANG_WARN_CONSTANT_CONVERSION = YES;
				CLANG_WARN_DIRECT_OBJC_ISA_USAGE = YES_ERROR;
				CLANG_WARN_DOCUMENTATION_COMMENTS = YES;
				CLANG_WARN_EMPTY_BODY = YES;
				CLANG_WARN_ENUM_CONVERSION = YES;
				CLANG_WARN_INFINITE_RECURSION = YES;
				CLANG_WARN_INT_CONVERSION = YES;
				CLANG_WARN_NON_LITERAL_NULL_CONVERSION = YES;
				CLANG_WARN_OBJC_LITERAL_CONVERSION = YES;
				CLANG_WARN_OBJC_ROOT_CLASS = YES_ERROR;
				CLANG_WARN_RANGE_LOOP_ANALYSIS = YES;
				CLANG_WARN_STRICT_PROTOTYPES = YES;
				CLANG_WARN_SUSPICIOUS_MOVE = YES;
				CLANG_WARN_UNGUARDED_AVAILABILITY = YES_AGGRESSIVE;
				CLANG_WARN_UNREACHABLE_CODE = YES;
				CLANG_WARN__DUPLICATE_METHOD_MATCH = YES;
				CODE_SIGN_IDENTITY = "iPhone Developer";
				COPY_PHASE_STRIP = NO;
				DEBUG_INFORMATION_FORMAT = dwarf;
				ENABLE_STRICT_OBJC_MSGSEND = YES;
				ENABLE_TESTABILITY = YES;
				GCC_C_LANGUAGE_STANDARD = gnu11;
				GCC_DYNAMIC_NO_PIC = NO;
				GCC_NO_COMMON_BLOCKS = YES;
				GCC_OPTIMIZATION_LEVEL = 0;
				GCC_PREPROCESSOR_DEFINITIONS = (
					"DEBUG=1",
					"$(inherited)",
				);
				GCC_WARN_64_TO_32_BIT_CONVERSION = YES;
				GCC_WARN_ABOUT_RETURN_TYPE = YES_ERROR;
				GCC_WARN_UNDECLARED_SELECTOR = YES;
				GCC_WARN_UNINITIALIZED_AUTOS = YES_AGGRESSIVE;
				GCC_WARN_UNUSED_FUNCTION = YES;
				GCC_WARN_UNUSED_VARIABLE = YES;
				IPHONEOS_DEPLOYMENT_TARGET = 9.3;
				MTL_ENABLE_DEBUG_INFO = YES;
				ONLY_ACTIVE_ARCH = YES;
				SDKROOT = iphoneos;
				SWIFT_ACTIVE_COMPILATION_CONDITIONS = DEBUG;
				SWIFT_OPTIMIZATION_LEVEL = "-Onone";
			};
			name = Debug;
		};
		BBBBFAEF1F73132000446205 /* Release */ = {
			isa = XCBuildConfiguration;
			buildSettings = {
				ALWAYS_SEARCH_USER_PATHS = NO;
				CLANG_ANALYZER_NONNULL = YES;
				CLANG_ANALYZER_NUMBER_OBJECT_CONVERSION = YES_AGGRESSIVE;
				CLANG_CXX_LANGUAGE_STANDARD = "gnu++14";
				CLANG_CXX_LIBRARY = "libc++";
				CLANG_ENABLE_MODULES = YES;
				CLANG_ENABLE_OBJC_ARC = YES;
				CLANG_WARN_BLOCK_CAPTURE_AUTORELEASING = YES;
				CLANG_WARN_BOOL_CONVERSION = YES;
				CLANG_WARN_COMMA = YES;
				CLANG_WARN_CONSTANT_CONVERSION = YES;
				CLANG_WARN_DIRECT_OBJC_ISA_USAGE = YES_ERROR;
				CLANG_WARN_DOCUMENTATION_COMMENTS = YES;
				CLANG_WARN_EMPTY_BODY = YES;
				CLANG_WARN_ENUM_CONVERSION = YES;
				CLANG_WARN_INFINITE_RECURSION = YES;
				CLANG_WARN_INT_CONVERSION = YES;
				CLANG_WARN_NON_LITERAL_NULL_CONVERSION = YES;
				CLANG_WARN_OBJC_LITERAL_CONVERSION = YES;
				CLANG_WARN_OBJC_ROOT_CLASS = YES_ERROR;
				CLANG_WARN_RANGE_LOOP_ANALYSIS = YES;
				CLANG_WARN_STRICT_PROTOTYPES = YES;
				CLANG_WARN_SUSPICIOUS_MOVE = YES;
				CLANG_WARN_UNGUARDED_AVAILABILITY = YES_AGGRESSIVE;
				CLANG_WARN_UNREACHABLE_CODE = YES;
				CLANG_WARN__DUPLICATE_METHOD_MATCH = YES;
				CODE_SIGN_IDENTITY = "iPhone Developer";
				COPY_PHASE_STRIP = NO;
				DEBUG_INFORMATION_FORMAT = "dwarf-with-dsym";
				ENABLE_NS_ASSERTIONS = NO;
				ENABLE_STRICT_OBJC_MSGSEND = YES;
				GCC_C_LANGUAGE_STANDARD = gnu11;
				GCC_NO_COMMON_BLOCKS = YES;
				GCC_WARN_64_TO_32_BIT_CONVERSION = YES;
				GCC_WARN_ABOUT_RETURN_TYPE = YES_ERROR;
				GCC_WARN_UNDECLARED_SELECTOR = YES;
				GCC_WARN_UNINITIALIZED_AUTOS = YES_AGGRESSIVE;
				GCC_WARN_UNUSED_FUNCTION = YES;
				GCC_WARN_UNUSED_VARIABLE = YES;
				IPHONEOS_DEPLOYMENT_TARGET = 9.3;
				MTL_ENABLE_DEBUG_INFO = NO;
				SDKROOT = iphoneos;
				SWIFT_OPTIMIZATION_LEVEL = "-Owholemodule";
				VALIDATE_PRODUCT = YES;
			};
			name = Release;
		};
		BBBBFAF11F73132000446205 /* Debug */ = {
			isa = XCBuildConfiguration;
			buildSettings = {
				ASSETCATALOG_COMPILER_APPICON_NAME = AppIcon;
				CODE_SIGN_STYLE = Automatic;
				DEVELOPMENT_TEAM = A8NKHWJDUL;
				INFOPLIST_FILE = tableview/Info.plist;
				LD_RUNPATH_SEARCH_PATHS = "$(inherited) @executable_path/Frameworks";
				PRODUCT_BUNDLE_IDENTIFIER = com.noiseandheat.ios.tableview;
				PRODUCT_NAME = "$(TARGET_NAME)";
				SWIFT_VERSION = 4.0;
				TARGETED_DEVICE_FAMILY = "1,2";
			};
			name = Debug;
		};
		BBBBFAF21F73132000446205 /* Release */ = {
			isa = XCBuildConfiguration;
			buildSettings = {
				ASSETCATALOG_COMPILER_APPICON_NAME = AppIcon;
				CODE_SIGN_STYLE = Automatic;
				DEVELOPMENT_TEAM = A8NKHWJDUL;
				INFOPLIST_FILE = tableview/Info.plist;
				LD_RUNPATH_SEARCH_PATHS = "$(inherited) @executable_path/Frameworks";
				PRODUCT_BUNDLE_IDENTIFIER = com.noiseandheat.ios.tableview;
				PRODUCT_NAME = "$(TARGET_NAME)";
				SWIFT_VERSION = 4.0;
				TARGETED_DEVICE_FAMILY = "1,2";
			};
			name = Release;
		};
		BBBBFAF41F73132000446205 /* Debug */ = {
			isa = XCBuildConfiguration;
			buildSettings = {
				ALWAYS_EMBED_SWIFT_STANDARD_LIBRARIES = YES;
				BUNDLE_LOADER = "$(TEST_HOST)";
				CODE_SIGN_STYLE = Automatic;
				DEVELOPMENT_TEAM = A8NKHWJDUL;
				INFOPLIST_FILE = tableviewTests/Info.plist;
				LD_RUNPATH_SEARCH_PATHS = "$(inherited) @executable_path/Frameworks @loader_path/Frameworks";
				PRODUCT_BUNDLE_IDENTIFIER = com.noiseandheat.ios.tableviewTests;
				PRODUCT_NAME = "$(TARGET_NAME)";
				SWIFT_VERSION = 4.0;
				TARGETED_DEVICE_FAMILY = "1,2";
				TEST_HOST = "$(BUILT_PRODUCTS_DIR)/tableview.app/tableview";
			};
			name = Debug;
		};
		BBBBFAF51F73132000446205 /* Release */ = {
			isa = XCBuildConfiguration;
			buildSettings = {
				ALWAYS_EMBED_SWIFT_STANDARD_LIBRARIES = YES;
				BUNDLE_LOADER = "$(TEST_HOST)";
				CODE_SIGN_STYLE = Automatic;
				DEVELOPMENT_TEAM = A8NKHWJDUL;
				INFOPLIST_FILE = tableviewTests/Info.plist;
				LD_RUNPATH_SEARCH_PATHS = "$(inherited) @executable_path/Frameworks @loader_path/Frameworks";
				PRODUCT_BUNDLE_IDENTIFIER = com.noiseandheat.ios.tableviewTests;
				PRODUCT_NAME = "$(TARGET_NAME)";
				SWIFT_VERSION = 4.0;
				TARGETED_DEVICE_FAMILY = "1,2";
				TEST_HOST = "$(BUILT_PRODUCTS_DIR)/tableview.app/tableview";
			};
			name = Release;
		};
/* End XCBuildConfiguration section */

/* Begin XCConfigurationList section */
		BBBBFACE1F73131F00446205 /* Build configuration list for PBXProject "tableview" */ = {
			isa = XCConfigurationList;
			buildConfigurations = (
				BBBBFAEE1F73132000446205 /* Debug */,
				BBBBFAEF1F73132000446205 /* Release */,
			);
			defaultConfigurationIsVisible = 0;
			defaultConfigurationName = Release;
		};
		BBBBFAF01F73132000446205 /* Build configuration list for PBXNativeTarget "tableview" */ = {
			isa = XCConfigurationList;
			buildConfigurations = (
				BBBBFAF11F73132000446205 /* Debug */,
				BBBBFAF21F73132000446205 /* Release */,
			);
			defaultConfigurationIsVisible = 0;
			defaultConfigurationName = Release;
		};
		BBBBFAF31F73132000446205 /* Build configuration list for PBXNativeTarget "tableviewTests" */ = {
			isa = XCConfigurationList;
			buildConfigurations = (
				BBBBFAF41F73132000446205 /* Debug */,
				BBBBFAF51F73132000446205 /* Release */,
			);
			defaultConfigurationIsVisible = 0;
			defaultConfigurationName = Release;
		};
/* End XCConfigurationList section */
	};
	rootObject = BBBBFACB1F73131F00446205 /* Project object */;
}
